github.com/OperatorFoundation/Replicant-go/Replicant/v3 v3.0.22 h1:Ww5MENhf8DOg+/8cmVXaPHU4MfZyqEPZ2XkUNMi9/H4=
github.com/OperatorFoundation/Replicant-go/Replicant/v3 v3.0.22/go.mod h1:C35BKvjJW2JXzFDzm8mj5qTuuTTPUhtiQtqAOw1vJLk=
github.com/OperatorFoundation/ghostwriter-go v1.0.6 h1:2E5D4qDKwsV+LQoKGtgIyjq5JvMiBZf8ySR8q0PP4vc=
github.com/OperatorFoundation/ghostwriter-go v1.0.6/go.mod h1:+uejzC1RRxZwngnCArqZX3d7i6ZX4Si8jNG8G6oCIKQ=
github.com/OperatorFoundation/go-bloom v1.0.1 h1:8q/rfgfG7OvwGkmzusIuV8PlS8MvA/T0kQ2MXm9371g=
github.com/OperatorFoundation/go-bloom v1.0.1/go.mod h1:b6bJWAnYIhwDgFIIolHyeuTYbPWAYj1Lnnwvcoa7P38=
github.com/OperatorFoundation/go-shadowsocks2 v1.2.0 h1:MtxNMR5ox7rJ+kknvK2WbZeiYeeI6qLnh9Ib6paJKiM=
github.com/OperatorFoundation/go-shadowsocks2 v1.2.0/go.mod h1:yw8jel8UNDWkJNE3wwAfEyctdCw6DI1FWBrZgcuoBfI=
github.com/aead/ecdh v0.2.0 h1:pYop54xVaq/CEREFEcukHRZfTdjiWvYIsZDXXrBapQQ=
github.com/aead/ecdh v0.2.0/go.mod h1:a9HHtXuSo8J1Js1MwLQx2mBhkXMT6YwUmVVEY4tTB8U=
github.com/davecgh/go-spew v1.1.0 h1:ZDRjVQ15GmhC3fiQ8ni8+OwkZQO4DARzQgrnXU1Liz8=
github.com/kataras/golog v0.1.7 h1:0TY5tHn5L5DlRIikepcaRR/6oInIr9AiWsxzt0vvlBE=
github.com/kataras/pio v0.0.10 h1:b0qtPUqOpM2O+bqa5wr2O6dN4cQNwSmFd6HQqgVae0g=
github.com/pmezard/go-difflib v1.0.0 h1:4DBwDE0NGyQoBHbLQYPwSUPoCMWR5BEzIk/f1lZbAQM=
github.com/stretchr/testify v1.7.0 h1:nwc3DEeHmmLAfoZucVR881uASk0Mfjw8xYJ99tb5CcY=
golang.org/x/crypto v0.0.0-20190211182817-74369b46fc67/go.mod h1:6SG95UA2DQfeDnfUPMdvaQW0Q7yPrPDi9nlGo2tz2b4=
golang.org/x/crypto v0.13.0 h1:mvySKfSWJ+UKUii46M40LOvyWfN0s2U+46/jDd0e6Ck=
golang.org/x/crypto v0.13.0/go.mod h1:y6Z2r+Rw4iayiXXAIxJIDAJ1zMW4yaTpebo8fPOliYc=
golang.org/x/net v0.15.0 h1:ugBLEUaxABaB5AJqW9enI0ACdci2RUd4eP51NTBvuJ8=
golang.org/x/net v0.15.0/go.mod h1:idbUs1IY1+zTqbi8yxTbhexhEEk5ur9LInksu6HrEpk=
golang.org/x/sys v0.12.0 h1:CM0HF96J0hcLAwsHPJZjfdNzs0gftsLfgKt57wWHJ0o=
gopkg.in/yaml.v3 v3.0.0-20200313102051-9f266ea9e77c h1:dUUwHk2QECo/6vqA44rthZ8ie2QXMNeKRTHCNY2nXvo=
